// !$*UTF8*$!
{
	archiveVersion = 1;
	classes = {
	};
	objectVersion = 46;
	objects = {

/* Begin PBXBuildFile section */
		AA79359F1E5CB59800526B7B /* AppDelegate.swift in Sources */ = {isa = PBXBuildFile; fileRef = AA79359E1E5CB59800526B7B /* AppDelegate.swift */; };
		AA7935A11E5CB59800526B7B /* InputView.swift in Sources */ = {isa = PBXBuildFile; fileRef = AA7935A01E5CB59800526B7B /* InputView.swift */; };
		AA7935A41E5CB59800526B7B /* Main.storyboard in Resources */ = {isa = PBXBuildFile; fileRef = AA7935A21E5CB59800526B7B /* Main.storyboard */; };
		AA7935A61E5CB59800526B7B /* Assets.xcassets in Resources */ = {isa = PBXBuildFile; fileRef = AA7935A51E5CB59800526B7B /* Assets.xcassets */; };
		AA7935A91E5CB59800526B7B /* LaunchScreen.storyboard in Resources */ = {isa = PBXBuildFile; fileRef = AA7935A71E5CB59800526B7B /* LaunchScreen.storyboard */; };
		AA7935B41E5CB59800526B7B /* ShoppingCartTests.swift in Sources */ = {isa = PBXBuildFile; fileRef = AA7935B31E5CB59800526B7B /* ShoppingCartTests.swift */; };
		AA7935BF1E5CB59800526B7B /* ShoppingCartUITests.swift in Sources */ = {isa = PBXBuildFile; fileRef = AA7935BE1E5CB59800526B7B /* ShoppingCartUITests.swift */; };
		AA7935CD1E5CCCCB00526B7B /* ShoppingCartVC.swift in Sources */ = {isa = PBXBuildFile; fileRef = AA7935CC1E5CCCCB00526B7B /* ShoppingCartVC.swift */; };
		AA7935CF1E5CD4E200526B7B /* CustomTableViewCell.swift in Sources */ = {isa = PBXBuildFile; fileRef = AA7935CE1E5CD4E200526B7B /* CustomTableViewCell.swift */; };
/* End PBXBuildFile section */

/* Begin PBXContainerItemProxy section */
		AA7935B01E5CB59800526B7B /* PBXContainerItemProxy */ = {
			isa = PBXContainerItemProxy;
			containerPortal = AA7935931E5CB59800526B7B /* Project object */;
			proxyType = 1;
			remoteGlobalIDString = AA79359A1E5CB59800526B7B;
			remoteInfo = ShoppingCart;
		};
		AA7935BB1E5CB59800526B7B /* PBXContainerItemProxy */ = {
			isa = PBXContainerItemProxy;
			containerPortal = AA7935931E5CB59800526B7B /* Project object */;
			proxyType = 1;
			remoteGlobalIDString = AA79359A1E5CB59800526B7B;
			remoteInfo = ShoppingCart;
		};
/* End PBXContainerItemProxy section */

/* Begin PBXFileReference section */
		AA79359B1E5CB59800526B7B /* ShoppingCart.app */ = {isa = PBXFileReference; explicitFileType = wrapper.application; includeInIndex = 0; path = ShoppingCart.app; sourceTree = BUILT_PRODUCTS_DIR; };
		AA79359E1E5CB59800526B7B /* AppDelegate.swift */ = {isa = PBXFileReference; lastKnownFileType = sourcecode.swift; path = AppDelegate.swift; sourceTree = "<group>"; };
		AA7935A01E5CB59800526B7B /* InputView.swift */ = {isa = PBXFileReference; lastKnownFileType = sourcecode.swift; path = InputView.swift; sourceTree = "<group>"; };
		AA7935A31E5CB59800526B7B /* Base */ = {isa = PBXFileReference; lastKnownFileType = file.storyboard; name = Base; path = Base.lproj/Main.storyboard; sourceTree = "<group>"; };
		AA7935A51E5CB59800526B7B /* Assets.xcassets */ = {isa = PBXFileReference; lastKnownFileType = folder.assetcatalog; path = Assets.xcassets; sourceTree = "<group>"; };
		AA7935A81E5CB59800526B7B /* Base */ = {isa = PBXFileReference; lastKnownFileType = file.storyboard; name = Base; path = Base.lproj/LaunchScreen.storyboard; sourceTree = "<group>"; };
		AA7935AA1E5CB59800526B7B /* Info.plist */ = {isa = PBXFileReference; lastKnownFileType = text.plist.xml; path = Info.plist; sourceTree = "<group>"; };
		AA7935AF1E5CB59800526B7B /* ShoppingCartTests.xctest */ = {isa = PBXFileReference; explicitFileType = wrapper.cfbundle; includeInIndex = 0; path = ShoppingCartTests.xctest; sourceTree = BUILT_PRODUCTS_DIR; };
		AA7935B31E5CB59800526B7B /* ShoppingCartTests.swift */ = {isa = PBXFileReference; lastKnownFileType = sourcecode.swift; path = ShoppingCartTests.swift; sourceTree = "<group>"; };
		AA7935B51E5CB59800526B7B /* Info.plist */ = {isa = PBXFileReference; lastKnownFileType = text.plist.xml; path = Info.plist; sourceTree = "<group>"; };
		AA7935BA1E5CB59800526B7B /* ShoppingCartUITests.xctest */ = {isa = PBXFileReference; explicitFileType = wrapper.cfbundle; includeInIndex = 0; path = ShoppingCartUITests.xctest; sourceTree = BUILT_PRODUCTS_DIR; };
		AA7935BE1E5CB59800526B7B /* ShoppingCartUITests.swift */ = {isa = PBXFileReference; lastKnownFileType = sourcecode.swift; path = ShoppingCartUITests.swift; sourceTree = "<group>"; };
		AA7935C01E5CB59800526B7B /* Info.plist */ = {isa = PBXFileReference; lastKnownFileType = text.plist.xml; path = Info.plist; sourceTree = "<group>"; };
		AA7935CC1E5CCCCB00526B7B /* ShoppingCartVC.swift */ = {isa = PBXFileReference; fileEncoding = 4; lastKnownFileType = sourcecode.swift; path = ShoppingCartVC.swift; sourceTree = "<group>"; };
		AA7935CE1E5CD4E200526B7B /* CustomTableViewCell.swift */ = {isa = PBXFileReference; fileEncoding = 4; lastKnownFileType = sourcecode.swift; path = CustomTableViewCell.swift; sourceTree = "<group>"; };
/* End PBXFileReference section */

/* Begin PBXFrameworksBuildPhase section */
		AA7935981E5CB59800526B7B /* Frameworks */ = {
			isa = PBXFrameworksBuildPhase;
			buildActionMask = 2147483647;
			files = (
			);
			runOnlyForDeploymentPostprocessing = 0;
		};
		AA7935AC1E5CB59800526B7B /* Frameworks */ = {
			isa = PBXFrameworksBuildPhase;
			buildActionMask = 2147483647;
			files = (
			);
			runOnlyForDeploymentPostprocessing = 0;
		};
		AA7935B71E5CB59800526B7B /* Frameworks */ = {
			isa = PBXFrameworksBuildPhase;
			buildActionMask = 2147483647;
			files = (
			);
			runOnlyForDeploymentPostprocessing = 0;
		};
/* End PBXFrameworksBuildPhase section */

/* Begin PBXGroup section */
		AA7935921E5CB59800526B7B = {
			isa = PBXGroup;
			children = (
				AA79359D1E5CB59800526B7B /* ShoppingCart */,
				AA7935B21E5CB59800526B7B /* ShoppingCartTests */,
				AA7935BD1E5CB59800526B7B /* ShoppingCartUITests */,
				AA79359C1E5CB59800526B7B /* Products */,
			);
			sourceTree = "<group>";
		};
		AA79359C1E5CB59800526B7B /* Products */ = {
			isa = PBXGroup;
			children = (
				AA79359B1E5CB59800526B7B /* ShoppingCart.app */,
				AA7935AF1E5CB59800526B7B /* ShoppingCartTests.xctest */,
				AA7935BA1E5CB59800526B7B /* ShoppingCartUITests.xctest */,
			);
			name = Products;
			sourceTree = "<group>";
		};
		AA79359D1E5CB59800526B7B /* ShoppingCart */ = {
			isa = PBXGroup;
			children = (
				AA79359E1E5CB59800526B7B /* AppDelegate.swift */,
				AA7935A01E5CB59800526B7B /* InputView.swift */,
				AA7935CE1E5CD4E200526B7B /* CustomTableViewCell.swift */,
				AA7935A21E5CB59800526B7B /* Main.storyboard */,
				AA7935CC1E5CCCCB00526B7B /* ShoppingCartVC.swift */,
				AA7935A51E5CB59800526B7B /* Assets.xcassets */,
				AA7935A71E5CB59800526B7B /* LaunchScreen.storyboard */,
				AA7935AA1E5CB59800526B7B /* Info.plist */,
			);
			path = ShoppingCart;
			sourceTree = "<group>";
		};
		AA7935B21E5CB59800526B7B /* ShoppingCartTests */ = {
			isa = PBXGroup;
			children = (
				AA7935B31E5CB59800526B7B /* ShoppingCartTests.swift */,
				AA7935B51E5CB59800526B7B /* Info.plist */,
			);
			path = ShoppingCartTests;
			sourceTree = "<group>";
		};
		AA7935BD1E5CB59800526B7B /* ShoppingCartUITests */ = {
			isa = PBXGroup;
			children = (
				AA7935BE1E5CB59800526B7B /* ShoppingCartUITests.swift */,
				AA7935C01E5CB59800526B7B /* Info.plist */,
			);
			path = ShoppingCartUITests;
			sourceTree = "<group>";
		};
/* End PBXGroup section */

/* Begin PBXNativeTarget section */
		AA79359A1E5CB59800526B7B /* ShoppingCart */ = {
			isa = PBXNativeTarget;
			buildConfigurationList = AA7935C31E5CB59800526B7B /* Build configuration list for PBXNativeTarget "ShoppingCart" */;
			buildPhases = (
				AA7935971E5CB59800526B7B /* Sources */,
				AA7935981E5CB59800526B7B /* Frameworks */,
				AA7935991E5CB59800526B7B /* Resources */,
			);
			buildRules = (
			);
			dependencies = (
			);
			name = ShoppingCart;
			productName = ShoppingCart;
			productReference = AA79359B1E5CB59800526B7B /* ShoppingCart.app */;
			productType = "com.apple.product-type.application";
		};
		AA7935AE1E5CB59800526B7B /* ShoppingCartTests */ = {
			isa = PBXNativeTarget;
			buildConfigurationList = AA7935C61E5CB59800526B7B /* Build configuration list for PBXNativeTarget "ShoppingCartTests" */;
			buildPhases = (
				AA7935AB1E5CB59800526B7B /* Sources */,
				AA7935AC1E5CB59800526B7B /* Frameworks */,
				AA7935AD1E5CB59800526B7B /* Resources */,
			);
			buildRules = (
			);
			dependencies = (
				AA7935B11E5CB59800526B7B /* PBXTargetDependency */,
			);
			name = ShoppingCartTests;
			productName = ShoppingCartTests;
			productReference = AA7935AF1E5CB59800526B7B /* ShoppingCartTests.xctest */;
			productType = "com.apple.product-type.bundle.unit-test";
		};
		AA7935B91E5CB59800526B7B /* ShoppingCartUITests */ = {
			isa = PBXNativeTarget;
			buildConfigurationList = AA7935C91E5CB59800526B7B /* Build configuration list for PBXNativeTarget "ShoppingCartUITests" */;
			buildPhases = (
				AA7935B61E5CB59800526B7B /* Sources */,
				AA7935B71E5CB59800526B7B /* Frameworks */,
				AA7935B81E5CB59800526B7B /* Resources */,
			);
			buildRules = (
			);
			dependencies = (
				AA7935BC1E5CB59800526B7B /* PBXTargetDependency */,
			);
			name = ShoppingCartUITests;
			productName = ShoppingCartUITests;
			productReference = AA7935BA1E5CB59800526B7B /* ShoppingCartUITests.xctest */;
			productType = "com.apple.product-type.bundle.ui-testing";
		};
/* End PBXNativeTarget section */

/* Begin PBXProject section */
		AA7935931E5CB59800526B7B /* Project object */ = {
			isa = PBXProject;
			attributes = {
				LastSwiftUpdateCheck = 0820;
				LastUpgradeCheck = 0820;
				ORGANIZATIONNAME = Lmusto;
				TargetAttributes = {
					AA79359A1E5CB59800526B7B = {
						CreatedOnToolsVersion = 8.2.1;
						DevelopmentTeam = 7X3B669663;
						ProvisioningStyle = Automatic;
					};
					AA7935AE1E5CB59800526B7B = {
						CreatedOnToolsVersion = 8.2.1;
						DevelopmentTeam = 7X3B669663;
						ProvisioningStyle = Automatic;
						TestTargetID = AA79359A1E5CB59800526B7B;
					};
					AA7935B91E5CB59800526B7B = {
						CreatedOnToolsVersion = 8.2.1;
						DevelopmentTeam = 7X3B669663;
						ProvisioningStyle = Automatic;
						TestTargetID = AA79359A1E5CB59800526B7B;
					};
				};
			};
			buildConfigurationList = AA7935961E5CB59800526B7B /* Build configuration list for PBXProject "ShoppingCart" */;
			compatibilityVersion = "Xcode 3.2";
			developmentRegion = English;
			hasScannedForEncodings = 0;
			knownRegions = (
				en,
				Base,
			);
			mainGroup = AA7935921E5CB59800526B7B;
			productRefGroup = AA79359C1E5CB59800526B7B /* Products */;
			projectDirPath = "";
			projectRoot = "";
			targets = (
				AA79359A1E5CB59800526B7B /* ShoppingCart */,
				AA7935AE1E5CB59800526B7B /* ShoppingCartTests */,
				AA7935B91E5CB59800526B7B /* ShoppingCartUITests */,
			);
		};
/* End PBXProject section */

/* Begin PBXResourcesBuildPhase section */
		AA7935991E5CB59800526B7B /* Resources */ = {
			isa = PBXResourcesBuildPhase;
			buildActionMask = 2147483647;
			files = (
				AA7935A91E5CB59800526B7B /* LaunchScreen.storyboard in Resources */,
				AA7935A61E5CB59800526B7B /* Assets.xcassets in Resources */,
				AA7935A41E5CB59800526B7B /* Main.storyboard in Resources */,
			);
			runOnlyForDeploymentPostprocessing = 0;
		};
		AA7935AD1E5CB59800526B7B /* Resources */ = {
			isa = PBXResourcesBuildPhase;
			buildActionMask = 2147483647;
			files = (
			);
			runOnlyForDeploymentPostprocessing = 0;
		};
		AA7935B81E5CB59800526B7B /* Resources */ = {
			isa = PBXResourcesBuildPhase;
			buildActionMask = 2147483647;
			files = (
			);
			runOnlyForDeploymentPostprocessing = 0;
		};
/* End PBXResourcesBuildPhase section */

/* Begin PBXSourcesBuildPhase section */
		AA7935971E5CB59800526B7B /* Sources */ = {
			isa = PBXSourcesBuildPhase;
			buildActionMask = 2147483647;
			files = (
				AA7935CD1E5CCCCB00526B7B /* ShoppingCartVC.swift in Sources */,
				AA7935A11E5CB59800526B7B /* InputView.swift in Sources */,
				AA7935CF1E5CD4E200526B7B /* CustomTableViewCell.swift in Sources */,
				AA79359F1E5CB59800526B7B /* AppDelegate.swift in Sources */,
			);
			runOnlyForDeploymentPostprocessing = 0;
		};
		AA7935AB1E5CB59800526B7B /* Sources */ = {
			isa = PBXSourcesBuildPhase;
			buildActionMask = 2147483647;
			files = (
				AA7935B41E5CB59800526B7B /* ShoppingCartTests.swift in Sources */,
			);
			runOnlyForDeploymentPostprocessing = 0;
		};
		AA7935B61E5CB59800526B7B /* Sources */ = {
			isa = PBXSourcesBuildPhase;
			buildActionMask = 2147483647;
			files = (
				AA7935BF1E5CB59800526B7B /* ShoppingCartUITests.swift in Sources */,
			);
			runOnlyForDeploymentPostprocessing = 0;
		};
/* End PBXSourcesBuildPhase section */

/* Begin PBXTargetDependency section */
		AA7935B11E5CB59800526B7B /* PBXTargetDependency */ = {
			isa = PBXTargetDependency;
			target = AA79359A1E5CB59800526B7B /* ShoppingCart */;
			targetProxy = AA7935B01E5CB59800526B7B /* PBXContainerItemProxy */;
		};
		AA7935BC1E5CB59800526B7B /* PBXTargetDependency */ = {
			isa = PBXTargetDependency;
			target = AA79359A1E5CB59800526B7B /* ShoppingCart */;
			targetProxy = AA7935BB1E5CB59800526B7B /* PBXContainerItemProxy */;
		};
/* End PBXTargetDependency section */

/* Begin PBXVariantGroup section */
		AA7935A21E5CB59800526B7B /* Main.storyboard */ = {
			isa = PBXVariantGroup;
			children = (
				AA7935A31E5CB59800526B7B /* Base */,
			);
			name = Main.storyboard;
			sourceTree = "<group>";
		};
		AA7935A71E5CB59800526B7B /* LaunchScreen.storyboard */ = {
			isa = PBXVariantGroup;
			children = (
				AA7935A81E5CB59800526B7B /* Base */,
			);
			name = LaunchScreen.storyboard;
			sourceTree = "<group>";
		};
/* End PBXVariantGroup section */

/* Begin XCBuildConfiguration section */
		AA7935C11E5CB59800526B7B /* Debug */ = {
			isa = XCBuildConfiguration;
			buildSettings = {
				ALWAYS_SEARCH_USER_PATHS = NO;
				CLANG_ANALYZER_NONNULL = YES;
				CLANG_CXX_LANGUAGE_STANDARD = "gnu++0x";
				CLANG_CXX_LIBRARY = "libc++";
				CLANG_ENABLE_MODULES = YES;
				CLANG_ENABLE_OBJC_ARC = YES;
				CLANG_WARN_BOOL_CONVERSION = YES;
				CLANG_WARN_CONSTANT_CONVERSION = YES;
				CLANG_WARN_DIRECT_OBJC_ISA_USAGE = YES_ERROR;
				CLANG_WARN_DOCUMENTATION_COMMENTS = YES;
				CLANG_WARN_EMPTY_BODY = YES;
				CLANG_WARN_ENUM_CONVERSION = YES;
				CLANG_WARN_INFINITE_RECURSION = YES;
				CLANG_WARN_INT_CONVERSION = YES;
				CLANG_WARN_OBJC_ROOT_CLASS = YES_ERROR;
				CLANG_WARN_SUSPICIOUS_MOVE = YES;
				CLANG_WARN_UNREACHABLE_CODE = YES;
				CLANG_WARN__DUPLICATE_METHOD_MATCH = YES;
				"CODE_SIGN_IDENTITY[sdk=iphoneos*]" = "iPhone Developer";
				COPY_PHASE_STRIP = NO;
				DEBUG_INFORMATION_FORMAT = dwarf;
				ENABLE_STRICT_OBJC_MSGSEND = YES;
				ENABLE_TESTABILITY = YES;
				GCC_C_LANGUAGE_STANDARD = gnu99;
				GCC_DYNAMIC_NO_PIC = NO;
				GCC_NO_COMMON_BLOCKS = YES;
				GCC_OPTIMIZATION_LEVEL = 0;
				GCC_PREPROCESSOR_DEFINITIONS = (
					"DEBUG=1",
					"$(inherited)",
				);
				GCC_WARN_64_TO_32_BIT_CONVERSION = YES;
				GCC_WARN_ABOUT_RETURN_TYPE = YES_ERROR;
				GCC_WARN_UNDECLARED_SELECTOR = YES;
				GCC_WARN_UNINITIALIZED_AUTOS = YES_AGGRESSIVE;
				GCC_WARN_UNUSED_FUNCTION = YES;
				GCC_WARN_UNUSED_VARIABLE = YES;
				IPHONEOS_DEPLOYMENT_TARGET = 10.2;
				MTL_ENABLE_DEBUG_INFO = YES;
				ONLY_ACTIVE_ARCH = YES;
				SDKROOT = iphoneos;
				SWIFT_ACTIVE_COMPILATION_CONDITIONS = DEBUG;
				SWIFT_OPTIMIZATION_LEVEL = "-Onone";
				TARGETED_DEVICE_FAMILY = "1,2";
			};
			name = Debug;
		};
		AA7935C21E5CB59800526B7B /* Release */ = {
			isa = XCBuildConfiguration;
			buildSettings = {
				ALWAYS_SEARCH_USER_PATHS = NO;
				CLANG_ANALYZER_NONNULL = YES;
				CLANG_CXX_LANGUAGE_STANDARD = "gnu++0x";
				CLANG_CXX_LIBRARY = "libc++";
				CLANG_ENABLE_MODULES = YES;
				CLANG_ENABLE_OBJC_ARC = YES;
				CLANG_WARN_BOOL_CONVERSION = YES;
				CLANG_WARN_CONSTANT_CONVERSION = YES;
				CLANG_WARN_DIRECT_OBJC_ISA_USAGE = YES_ERROR;
				CLANG_WARN_DOCUMENTATION_COMMENTS = YES;
				CLANG_WARN_EMPTY_BODY = YES;
				CLANG_WARN_ENUM_CONVERSION = YES;
				CLANG_WARN_INFINITE_RECURSION = YES;
				CLANG_WARN_INT_CONVERSION = YES;
				CLANG_WARN_OBJC_ROOT_CLASS = YES_ERROR;
				CLANG_WARN_SUSPICIOUS_MOVE = YES;
				CLANG_WARN_UNREACHABLE_CODE = YES;
				CLANG_WARN__DUPLICATE_METHOD_MATCH = YES;
				"CODE_SIGN_IDENTITY[sdk=iphoneos*]" = "iPhone Developer";
				COPY_PHASE_STRIP = NO;
				DEBUG_INFORMATION_FORMAT = "dwarf-with-dsym";
				ENABLE_NS_ASSERTIONS = NO;
				ENABLE_STRICT_OBJC_MSGSEND = YES;
				GCC_C_LANGUAGE_STANDARD = gnu99;
				GCC_NO_COMMON_BLOCKS = YES;
				GCC_WARN_64_TO_32_BIT_CONVERSION = YES;
				GCC_WARN_ABOUT_RETURN_TYPE = YES_ERROR;
				GCC_WARN_UNDECLARED_SELECTOR = YES;
				GCC_WARN_UNINITIALIZED_AUTOS = YES_AGGRESSIVE;
				GCC_WARN_UNUSED_FUNCTION = YES;
				GCC_WARN_UNUSED_VARIABLE = YES;
				IPHONEOS_DEPLOYMENT_TARGET = 10.2;
				MTL_ENABLE_DEBUG_INFO = NO;
				SDKROOT = iphoneos;
				SWIFT_OPTIMIZATION_LEVEL = "-Owholemodule";
				TARGETED_DEVICE_FAMILY = "1,2";
				VALIDATE_PRODUCT = YES;
			};
			name = Release;
		};
		AA7935C41E5CB59800526B7B /* Debug */ = {
			isa = XCBuildConfiguration;
			buildSettings = {
				ASSETCATALOG_COMPILER_APPICON_NAME = AppIcon;
				DEVELOPMENT_TEAM = 7X3B669663;
				INFOPLIST_FILE = ShoppingCart/Info.plist;
				LD_RUNPATH_SEARCH_PATHS = "$(inherited) @executable_path/Frameworks";
				PRODUCT_BUNDLE_IDENTIFIER = com.Lmusto.ShoppingCart;
				PRODUCT_NAME = "$(TARGET_NAME)";
				SWIFT_VERSION = 3.0;
			};
			name = Debug;
		};
		AA7935C51E5CB59800526B7B /* Release */ = {
			isa = XCBuildConfiguration;
			buildSettings = {
				ASSETCATALOG_COMPILER_APPICON_NAME = AppIcon;
				DEVELOPMENT_TEAM = 7X3B669663;
				INFOPLIST_FILE = ShoppingCart/Info.plist;
				LD_RUNPATH_SEARCH_PATHS = "$(inherited) @executable_path/Frameworks";
				PRODUCT_BUNDLE_IDENTIFIER = com.Lmusto.ShoppingCart;
				PRODUCT_NAME = "$(TARGET_NAME)";
				SWIFT_VERSION = 3.0;
			};
			name = Release;
		};
		AA7935C71E5CB59800526B7B /* Debug */ = {
			isa = XCBuildConfiguration;
			buildSettings = {
				ALWAYS_EMBED_SWIFT_STANDARD_LIBRARIES = YES;
				BUNDLE_LOADER = "$(TEST_HOST)";
				DEVELOPMENT_TEAM = 7X3B669663;
				INFOPLIST_FILE = ShoppingCartTests/Info.plist;
				LD_RUNPATH_SEARCH_PATHS = "$(inherited) @executable_path/Frameworks @loader_path/Frameworks";
				PRODUCT_BUNDLE_IDENTIFIER = com.Lmusto.ShoppingCartTests;
				PRODUCT_NAME = "$(TARGET_NAME)";
				SWIFT_VERSION = 3.0;
				TEST_HOST = "$(BUILT_PRODUCTS_DIR)/ShoppingCart.app/ShoppingCart";
			};
			name = Debug;
		};
		AA7935C81E5CB59800526B7B /* Release */ = {
			isa = XCBuildConfiguration;
			buildSettings = {
				ALWAYS_EMBED_SWIFT_STANDARD_LIBRARIES = YES;
				BUNDLE_LOADER = "$(TEST_HOST)";
				DEVELOPMENT_TEAM = 7X3B669663;
				INFOPLIST_FILE = ShoppingCartTests/Info.plist;
				LD_RUNPATH_SEARCH_PATHS = "$(inherited) @executable_path/Frameworks @loader_path/Frameworks";
				PRODUCT_BUNDLE_IDENTIFIER = com.Lmusto.ShoppingCartTests;
				PRODUCT_NAME = "$(TARGET_NAME)";
				SWIFT_VERSION = 3.0;
				TEST_HOST = "$(BUILT_PRODUCTS_DIR)/ShoppingCart.app/ShoppingCart";
			};
			name = Release;
		};
		AA7935CA1E5CB59800526B7B /* Debug */ = {
			isa = XCBuildConfiguration;
			buildSettings = {
				ALWAYS_EMBED_SWIFT_STANDARD_LIBRARIES = YES;
				DEVELOPMENT_TEAM = 7X3B669663;
				INFOPLIST_FILE = ShoppingCartUITests/Info.plist;
				LD_RUNPATH_SEARCH_PATHS = "$(inherited) @executable_path/Frameworks @loader_path/Frameworks";
				PRODUCT_BUNDLE_IDENTIFIER = com.Lmusto.ShoppingCartUITests;
				PRODUCT_NAME = "$(TARGET_NAME)";
				SWIFT_VERSION = 3.0;
				TEST_TARGET_NAME = ShoppingCart;
			};
			name = Debug;
		};
		AA7935CB1E5CB59800526B7B /* Release */ = {
			isa = XCBuildConfiguration;
			buildSettings = {
				ALWAYS_EMBED_SWIFT_STANDARD_LIBRARIES = YES;
				DEVELOPMENT_TEAM = 7X3B669663;
				INFOPLIST_FILE = ShoppingCartUITests/Info.plist;
				LD_RUNPATH_SEARCH_PATHS = "$(inherited) @executable_path/Frameworks @loader_path/Frameworks";
				PRODUCT_BUNDLE_IDENTIFIER = com.Lmusto.ShoppingCartUITests;
				PRODUCT_NAME = "$(TARGET_NAME)";
				SWIFT_VERSION = 3.0;
				TEST_TARGET_NAME = ShoppingCart;
			};
			name = Release;
		};
/* End XCBuildConfiguration section */

/* Begin XCConfigurationList section */
		AA7935961E5CB59800526B7B /* Build configuration list for PBXProject "ShoppingCart" */ = {
			isa = XCConfigurationList;
			buildConfigurations = (
				AA7935C11E5CB59800526B7B /* Debug */,
				AA7935C21E5CB59800526B7B /* Release */,
			);
			defaultConfigurationIsVisible = 0;
			defaultConfigurationName = Release;
		};
		AA7935C31E5CB59800526B7B /* Build configuration list for PBXNativeTarget "ShoppingCart" */ = {
			isa = XCConfigurationList;
			buildConfigurations = (
				AA7935C41E5CB59800526B7B /* Debug */,
				AA7935C51E5CB59800526B7B /* Release */,
			);
			defaultConfigurationIsVisible = 0;
			defaultConfigurationName = Release;
		};
		AA7935C61E5CB59800526B7B /* Build configuration list for PBXNativeTarget "ShoppingCartTests" */ = {
			isa = XCConfigurationList;
			buildConfigurations = (
				AA7935C71E5CB59800526B7B /* Debug */,
				AA7935C81E5CB59800526B7B /* Release */,
			);
			defaultConfigurationIsVisible = 0;
			defaultConfigurationName = Release;
		};
		AA7935C91E5CB59800526B7B /* Build configuration list for PBXNativeTarget "ShoppingCartUITests" */ = {
			isa = XCConfigurationList;
			buildConfigurations = (
				AA7935CA1E5CB59800526B7B /* Debug */,
				AA7935CB1E5CB59800526B7B /* Release */,
			);
			defaultConfigurationIsVisible = 0;
			defaultConfigurationName = Release;
		};
/* End XCConfigurationList section */
	};
	rootObject = AA7935931E5CB59800526B7B /* Project object */;
}
